
Microsoft Visual Studio Solution File, Format Version 12.00
# Visual Studio Version 17
VisualStudioVersion = 17.13.35931.197 d17.13
MinimumVisualStudioVersion = 10.0.40219.1
Project("{FAE04EC0-301F-11D3-BF4B-00C04F79EFBC}") = "VFDataVerseOdata", "VFDataVerseOdata\VFDataVerseOdata.csproj", "{A424755B-A76C-48EF-84A6-53F3E2E5013D}"
EndProject
Global
	GlobalSection(SolutionConfigurationPlatforms) = preSolution
		Debug|Any CPU = Debug|Any CPU
		Release|Any CPU = Release|Any CPU
	EndGlobalSection
	GlobalSection(ProjectConfigurationPlatforms) = postSolution
		{A424755B-A76C-48EF-84A6-53F3E2E5013D}.Debug|Any CPU.ActiveCfg = Debug|Any CPU
		{A424755B-A76C-48EF-84A6-53F3E2E5013D}.Debug|Any CPU.Build.0 = Debug|Any CPU
		{A424755B-A76C-48EF-84A6-53F3E2E5013D}.Release|Any CPU.ActiveCfg = Release|Any CPU
		{A424755B-A76C-48EF-84A6-53F3E2E5013D}.Release|Any CPU.Build.0 = Release|Any CPU
	EndGlobalSection
	GlobalSection(SolutionProperties) = preSolution
		HideSolutionNode = FALSE
	EndGlobalSection
	GlobalSection(ExtensibilityGlobals) = postSolution
		SolutionGuid = {E4E9102A-7A64-4FA1-AE39-057B7C54CAAF}
	EndGlobalSection
EndGlobal
